// !$*UTF8*$!
{
	archiveVersion = 1;
	classes = {
	};
	objectVersion = 46;
	objects = {

/* Begin PBXBuildFile section */
		561D22491C8D5D23008CCF50 /* LabelList.swift in Sources */ = {isa = PBXBuildFile; fileRef = 561D22471C8D5D23008CCF50 /* LabelList.swift */; };
		561D224A1C8D5D23008CCF50 /* LabelList.xib in Resources */ = {isa = PBXBuildFile; fileRef = 561D22481C8D5D23008CCF50 /* LabelList.xib */; };
		561D224D1C8D7A71008CCF50 /* TextViewInTableViewVCL.swift in Sources */ = {isa = PBXBuildFile; fileRef = 561D224B1C8D7A70008CCF50 /* TextViewInTableViewVCL.swift */; };
		561D224E1C8D7A71008CCF50 /* TextViewInTableViewVCL.xib in Resources */ = {isa = PBXBuildFile; fileRef = 561D224C1C8D7A71008CCF50 /* TextViewInTableViewVCL.xib */; };
		561E60C31C6DE35000CFADF6 /* LandScapeCalendar.swift in Sources */ = {isa = PBXBuildFile; fileRef = 561E60C11C6DE35000CFADF6 /* LandScapeCalendar.swift */; };
		561E60C41C6DE35000CFADF6 /* LandScapeCalendar.xib in Resources */ = {isa = PBXBuildFile; fileRef = 561E60C21C6DE35000CFADF6 /* LandScapeCalendar.xib */; };
		561E60CC1C71733600CFADF6 /* OneCalendarCell.swift in Sources */ = {isa = PBXBuildFile; fileRef = 561E60CA1C71733600CFADF6 /* OneCalendarCell.swift */; };
		561E60CD1C71733600CFADF6 /* OneCalendarCell.xib in Resources */ = {isa = PBXBuildFile; fileRef = 561E60CB1C71733600CFADF6 /* OneCalendarCell.xib */; };
		561E60D81C7180D800CFADF6 /* VarticalCalendar.swift in Sources */ = {isa = PBXBuildFile; fileRef = 561E60D61C7180D800CFADF6 /* VarticalCalendar.swift */; };
		561E60D91C7180D800CFADF6 /* VarticalCalendar.xib in Resources */ = {isa = PBXBuildFile; fileRef = 561E60D71C7180D800CFADF6 /* VarticalCalendar.xib */; };
		5635BECE1C72C7E0007B580F /* UnderGrayModal.swift in Sources */ = {isa = PBXBuildFile; fileRef = 5635BECD1C72C7E0007B580F /* UnderGrayModal.swift */; };
		5635BED01C72C7F6007B580F /* UnderGrayModal.xib in Resources */ = {isa = PBXBuildFile; fileRef = 5635BECF1C72C7F6007B580F /* UnderGrayModal.xib */; };
		563EEC721C8E6E2B00B21F07 /* TextViewInCell.swift in Sources */ = {isa = PBXBuildFile; fileRef = 563EEC701C8E6E2B00B21F07 /* TextViewInCell.swift */; };
		563EEC731C8E6E2B00B21F07 /* TextViewInCell.xib in Resources */ = {isa = PBXBuildFile; fileRef = 563EEC711C8E6E2B00B21F07 /* TextViewInCell.xib */; };
		563EEC8B1C8FE47C00B21F07 /* AutoLayoutByPG.swift in Sources */ = {isa = PBXBuildFile; fileRef = 563EEC891C8FE47C00B21F07 /* AutoLayoutByPG.swift */; };
		563EEC8C1C8FE47C00B21F07 /* AutoLayoutByPG.xib in Resources */ = {isa = PBXBuildFile; fileRef = 563EEC8A1C8FE47C00B21F07 /* AutoLayoutByPG.xib */; };
		563EEC8F1C8FE55600B21F07 /* AutoLayoutCell.swift in Sources */ = {isa = PBXBuildFile; fileRef = 563EEC8D1C8FE55600B21F07 /* AutoLayoutCell.swift */; };
		563EEC901C8FE55600B21F07 /* AutoLayoutCell.xib in Resources */ = {isa = PBXBuildFile; fileRef = 563EEC8E1C8FE55600B21F07 /* AutoLayoutCell.xib */; };
		56663D2C1C7FF34600D33441 /* WorkDetailSample.swift in Sources */ = {isa = PBXBuildFile; fileRef = 56663D2A1C7FF34600D33441 /* WorkDetailSample.swift */; };
		56663D2D1C7FF34600D33441 /* WorkDetailSample.xib in Resources */ = {isa = PBXBuildFile; fileRef = 56663D2B1C7FF34600D33441 /* WorkDetailSample.xib */; };
		56663D301C803DC400D33441 /* MutableHeightCell.swift in Sources */ = {isa = PBXBuildFile; fileRef = 56663D2E1C803DC400D33441 /* MutableHeightCell.swift */; };
		56663D311C803DC500D33441 /* MutableHeightCell.xib in Resources */ = {isa = PBXBuildFile; fileRef = 56663D2F1C803DC400D33441 /* MutableHeightCell.xib */; };
		56663D341C80743B00D33441 /* WorkDetailItemCell.swift in Sources */ = {isa = PBXBuildFile; fileRef = 56663D321C80743B00D33441 /* WorkDetailItemCell.swift */; };
		56663D351C80743B00D33441 /* WorkDetailItemCell.xib in Resources */ = {isa = PBXBuildFile; fileRef = 56663D331C80743B00D33441 /* WorkDetailItemCell.xib */; };
		56663D381C80768C00D33441 /* SummaryCell.swift in Sources */ = {isa = PBXBuildFile; fileRef = 56663D361C80768C00D33441 /* SummaryCell.swift */; };
		56663D391C80768C00D33441 /* SummaryCell.xib in Resources */ = {isa = PBXBuildFile; fileRef = 56663D371C80768C00D33441 /* SummaryCell.xib */; };
		56663D3C1C80788100D33441 /* WorkViewCell.swift in Sources */ = {isa = PBXBuildFile; fileRef = 56663D3A1C80788100D33441 /* WorkViewCell.swift */; };
		56663D3D1C80788100D33441 /* WorkViewCell.xib in Resources */ = {isa = PBXBuildFile; fileRef = 56663D3B1C80788100D33441 /* WorkViewCell.xib */; };
		56663D401C84177700D33441 /* LinkCell.swift in Sources */ = {isa = PBXBuildFile; fileRef = 56663D3E1C84177700D33441 /* LinkCell.swift */; };
		56663D411C84177700D33441 /* LinkCell.xib in Resources */ = {isa = PBXBuildFile; fileRef = 56663D3F1C84177700D33441 /* LinkCell.xib */; };
		56663D431C851AEC00D33441 /* WebKit.framework in Frameworks */ = {isa = PBXBuildFile; fileRef = 56663D421C851AEC00D33441 /* WebKit.framework */; };
		567A0D331C7DC1270057E01F /* TestTableViewCell.swift in Sources */ = {isa = PBXBuildFile; fileRef = 567A0D311C7DC1270057E01F /* TestTableViewCell.swift */; };
		567A0D341C7DC1270057E01F /* TestTableViewCell.xib in Resources */ = {isa = PBXBuildFile; fileRef = 567A0D321C7DC1270057E01F /* TestTableViewCell.xib */; };
		567A0D361C7EEA5B0057E01F /* Regexp.swift in Sources */ = {isa = PBXBuildFile; fileRef = 567A0D351C7EEA5B0057E01F /* Regexp.swift */; };
		567FF7381C768E7E00ADDBFF /* RTLabel.m in Sources */ = {isa = PBXBuildFile; fileRef = 567FF7371C768E7E00ADDBFF /* RTLabel.m */; };
		568ED0EE1C7456C5003AF9B2 /* TwoLineNavHeader.swift in Sources */ = {isa = PBXBuildFile; fileRef = 568ED0EC1C7456C5003AF9B2 /* TwoLineNavHeader.swift */; };
		568ED0EF1C7456C5003AF9B2 /* TwoLineNavHeader.xib in Resources */ = {isa = PBXBuildFile; fileRef = 568ED0ED1C7456C5003AF9B2 /* TwoLineNavHeader.xib */; };
		568ED0F11C745776003AF9B2 /* MultiLineTitleView.xib in Resources */ = {isa = PBXBuildFile; fileRef = 568ED0F01C745776003AF9B2 /* MultiLineTitleView.xib */; };
		568ED0F41C745C17003AF9B2 /* MultiLineTitleView.swift in Sources */ = {isa = PBXBuildFile; fileRef = 568ED0F31C745C17003AF9B2 /* MultiLineTitleView.swift */; };
		568ED0F71C745E2D003AF9B2 /* TableViewInTableCell.swift in Sources */ = {isa = PBXBuildFile; fileRef = 568ED0F51C745E2D003AF9B2 /* TableViewInTableCell.swift */; };
		568ED0F81C745E2D003AF9B2 /* TableViewInTableCell.xib in Resources */ = {isa = PBXBuildFile; fileRef = 568ED0F61C745E2D003AF9B2 /* TableViewInTableCell.xib */; };
		568ED0FA1C747357003AF9B2 /* PaddingLabel.swift in Sources */ = {isa = PBXBuildFile; fileRef = 568ED0F91C747357003AF9B2 /* PaddingLabel.swift */; };
		568ED0FD1C747B96003AF9B2 /* TableViewInCell.swift in Sources */ = {isa = PBXBuildFile; fileRef = 568ED0FB1C747B96003AF9B2 /* TableViewInCell.swift */; };
		568ED0FE1C747B96003AF9B2 /* TableViewInCell.xib in Resources */ = {isa = PBXBuildFile; fileRef = 568ED0FC1C747B96003AF9B2 /* TableViewInCell.xib */; };
		568ED1011C755057003AF9B2 /* CellAcordionVCL.swift in Sources */ = {isa = PBXBuildFile; fileRef = 568ED0FF1C755057003AF9B2 /* CellAcordionVCL.swift */; };
		568ED1021C755057003AF9B2 /* CellAcordionVCL.xib in Resources */ = {isa = PBXBuildFile; fileRef = 568ED1001C755057003AF9B2 /* CellAcordionVCL.xib */; };
		568ED1051C755C0D003AF9B2 /* FirstCustomCell.swift in Sources */ = {isa = PBXBuildFile; fileRef = 568ED1031C755C0D003AF9B2 /* FirstCustomCell.swift */; };
		568ED1061C755C0D003AF9B2 /* FirstCustomCell.xib in Resources */ = {isa = PBXBuildFile; fileRef = 568ED1041C755C0D003AF9B2 /* FirstCustomCell.xib */; };
		568ED1091C755C93003AF9B2 /* SecondCustomCell.swift in Sources */ = {isa = PBXBuildFile; fileRef = 568ED1071C755C93003AF9B2 /* SecondCustomCell.swift */; };
		568ED10A1C755C93003AF9B2 /* SecondCustomCell.xib in Resources */ = {isa = PBXBuildFile; fileRef = 568ED1081C755C93003AF9B2 /* SecondCustomCell.xib */; };
		568ED10D1C755CB9003AF9B2 /* ThirdCustomCell.swift in Sources */ = {isa = PBXBuildFile; fileRef = 568ED10B1C755CB9003AF9B2 /* ThirdCustomCell.swift */; };
		568ED10E1C755CB9003AF9B2 /* ThirdCustomCell.xib in Resources */ = {isa = PBXBuildFile; fileRef = 568ED10C1C755CB9003AF9B2 /* ThirdCustomCell.xib */; };
		568ED1111C755CCC003AF9B2 /* ForthCustomCell.swift in Sources */ = {isa = PBXBuildFile; fileRef = 568ED10F1C755CCC003AF9B2 /* ForthCustomCell.swift */; };
		568ED1121C755CCC003AF9B2 /* ForthCustomCell.xib in Resources */ = {isa = PBXBuildFile; fileRef = 568ED1101C755CCC003AF9B2 /* ForthCustomCell.xib */; };
		568ED1151C759851003AF9B2 /* ModalVCL.swift in Sources */ = {isa = PBXBuildFile; fileRef = 568ED1131C759851003AF9B2 /* ModalVCL.swift */; };
		568ED1161C759851003AF9B2 /* ModalVCL.xib in Resources */ = {isa = PBXBuildFile; fileRef = 568ED1141C759851003AF9B2 /* ModalVCL.xib */; };
		568ED1651C75DED2003AF9B2 /* HtmlTest.swift in Sources */ = {isa = PBXBuildFile; fileRef = 568ED1631C75DED2003AF9B2 /* HtmlTest.swift */; };
		568ED1661C75DED2003AF9B2 /* HtmlTest.xib in Resources */ = {isa = PBXBuildFile; fileRef = 568ED1641C75DED2003AF9B2 /* HtmlTest.xib */; };
		5695279A1C687E0C00466FC4 /* AppDelegate.swift in Sources */ = {isa = PBXBuildFile; fileRef = 569527991C687E0C00466FC4 /* AppDelegate.swift */; };
		5695279C1C687E0D00466FC4 /* ViewController.swift in Sources */ = {isa = PBXBuildFile; fileRef = 5695279B1C687E0D00466FC4 /* ViewController.swift */; };
		5695279F1C687E0D00466FC4 /* Main.storyboard in Resources */ = {isa = PBXBuildFile; fileRef = 5695279D1C687E0D00466FC4 /* Main.storyboard */; };
		569527A11C687E0D00466FC4 /* Assets.xcassets in Resources */ = {isa = PBXBuildFile; fileRef = 569527A01C687E0D00466FC4 /* Assets.xcassets */; };
		569527A41C687E0D00466FC4 /* LaunchScreen.storyboard in Resources */ = {isa = PBXBuildFile; fileRef = 569527A21C687E0D00466FC4 /* LaunchScreen.storyboard */; };
		569527AF1C687E0D00466FC4 /* UISampleTests.swift in Sources */ = {isa = PBXBuildFile; fileRef = 569527AE1C687E0D00466FC4 /* UISampleTests.swift */; };
		569527BA1C687E0D00466FC4 /* UISampleUITests.swift in Sources */ = {isa = PBXBuildFile; fileRef = 569527B91C687E0D00466FC4 /* UISampleUITests.swift */; };
		569527C81C687EEF00466FC4 /* ViewController.xib in Resources */ = {isa = PBXBuildFile; fileRef = 569527C71C687EEF00466FC4 /* ViewController.xib */; };
		569527CC1C687F5700466FC4 /* CustomNavbar.xib in Resources */ = {isa = PBXBuildFile; fileRef = 569527CA1C687F5700466FC4 /* CustomNavbar.xib */; };
		569527EB1C6973FA00466FC4 /* CustomNavbar.swift in Sources */ = {isa = PBXBuildFile; fileRef = 569527EA1C6973FA00466FC4 /* CustomNavbar.swift */; };
		56AE18F61CA221B000FCFB8C /* SegmentedTabVCL.swift in Sources */ = {isa = PBXBuildFile; fileRef = 56AE18F41CA221B000FCFB8C /* SegmentedTabVCL.swift */; };
		56AE18F71CA221B000FCFB8C /* SegmentedTabVCL.xib in Resources */ = {isa = PBXBuildFile; fileRef = 56AE18F51CA221B000FCFB8C /* SegmentedTabVCL.xib */; };
		56B548BB1C97F9BB00191CE1 /* AnotherMonthView.swift in Sources */ = {isa = PBXBuildFile; fileRef = 56B548BA1C97F9BB00191CE1 /* AnotherMonthView.swift */; };
		56B548C21C97FB2C00191CE1 /* AutoCalendarCell.swift in Sources */ = {isa = PBXBuildFile; fileRef = 56B548C01C97FB2C00191CE1 /* AutoCalendarCell.swift */; };
		56B548C31C97FB2C00191CE1 /* AutoCalendarCell.xib in Resources */ = {isa = PBXBuildFile; fileRef = 56B548C11C97FB2C00191CE1 /* AutoCalendarCell.xib */; };
		56BA6CAD1C72FA17005F5AF7 /* KeyboardSample.swift in Sources */ = {isa = PBXBuildFile; fileRef = 56BA6CAB1C72FA17005F5AF7 /* KeyboardSample.swift */; };
		56BA6CAE1C72FA17005F5AF7 /* KeyboardSample.xib in Resources */ = {isa = PBXBuildFile; fileRef = 56BA6CAC1C72FA17005F5AF7 /* KeyboardSample.xib */; };
		56C2A4361CA3758900F3AC11 /* FirstVCL.swift in Sources */ = {isa = PBXBuildFile; fileRef = 56C2A4341CA3758900F3AC11 /* FirstVCL.swift */; };
		56C2A4371CA3758900F3AC11 /* FirstVCL.xib in Resources */ = {isa = PBXBuildFile; fileRef = 56C2A4351CA3758900F3AC11 /* FirstVCL.xib */; };
		56C2A43A1CA3759B00F3AC11 /* SecondVCL.swift in Sources */ = {isa = PBXBuildFile; fileRef = 56C2A4381CA3759B00F3AC11 /* SecondVCL.swift */; };
		56C2A43B1CA3759B00F3AC11 /* SecondVCL.xib in Resources */ = {isa = PBXBuildFile; fileRef = 56C2A4391CA3759B00F3AC11 /* SecondVCL.xib */; };
		56C2A43E1CA3766900F3AC11 /* ThirdVCL.swift in Sources */ = {isa = PBXBuildFile; fileRef = 56C2A43C1CA3766900F3AC11 /* ThirdVCL.swift */; };
		56C2A43F1CA3766900F3AC11 /* ThirdVCL.xib in Resources */ = {isa = PBXBuildFile; fileRef = 56C2A43D1CA3766900F3AC11 /* ThirdVCL.xib */; };
		56C9F4341C9B8AD20075596D /* FirstAction.swift in Sources */ = {isa = PBXBuildFile; fileRef = 56C9F4321C9B8AD20075596D /* FirstAction.swift */; };
		56C9F4351C9B8AD20075596D /* FirstAction.xib in Resources */ = {isa = PBXBuildFile; fileRef = 56C9F4331C9B8AD20075596D /* FirstAction.xib */; };
		56C9F4381C9B8AFA0075596D /* SecondAction.swift in Sources */ = {isa = PBXBuildFile; fileRef = 56C9F4361C9B8AFA0075596D /* SecondAction.swift */; };
		56C9F4391C9B8AFA0075596D /* SecondAction.xib in Resources */ = {isa = PBXBuildFile; fileRef = 56C9F4371C9B8AFA0075596D /* SecondAction.xib */; };
		56E74D931C69E30100A578CD /* CustomSwitchVCL.swift in Sources */ = {isa = PBXBuildFile; fileRef = 56E74D911C69E30100A578CD /* CustomSwitchVCL.swift */; };
		56E74D941C69E30100A578CD /* CustomSwitchVCL.xib in Resources */ = {isa = PBXBuildFile; fileRef = 56E74D921C69E30100A578CD /* CustomSwitchVCL.xib */; };
		56E74D971C69E62700A578CD /* SwitchWithCell.swift in Sources */ = {isa = PBXBuildFile; fileRef = 56E74D951C69E62700A578CD /* SwitchWithCell.swift */; };
		56E74D981C69E62700A578CD /* SwitchWithCell.xib in Resources */ = {isa = PBXBuildFile; fileRef = 56E74D961C69E62700A578CD /* SwitchWithCell.xib */; };
		56E74DE21C6B2FE100A578CD /* SimpleCalendar.swift in Sources */ = {isa = PBXBuildFile; fileRef = 56E74DE01C6B2FE100A578CD /* SimpleCalendar.swift */; };
		56E74DE31C6B2FE100A578CD /* SimpleCalendar.xib in Resources */ = {isa = PBXBuildFile; fileRef = 56E74DE11C6B2FE100A578CD /* SimpleCalendar.xib */; };
		56E74DE51C6B326E00A578CD /* DayView.swift in Sources */ = {isa = PBXBuildFile; fileRef = 56E74DE41C6B326E00A578CD /* DayView.swift */; };
		56E74DE71C6B336600A578CD /* MonthView.swift in Sources */ = {isa = PBXBuildFile; fileRef = 56E74DE61C6B336600A578CD /* MonthView.swift */; };
		56E768F71C9AD24E0006F3EC /* TwoActionTable.swift in Sources */ = {isa = PBXBuildFile; fileRef = 56E768F51C9AD24E0006F3EC /* TwoActionTable.swift */; };
		56E768F81C9AD24E0006F3EC /* TwoActionTable.xib in Resources */ = {isa = PBXBuildFile; fileRef = 56E768F61C9AD24E0006F3EC /* TwoActionTable.xib */; };
		56E768FB1C9AD4380006F3EC /* TwoActionCell.swift in Sources */ = {isa = PBXBuildFile; fileRef = 56E768F91C9AD4380006F3EC /* TwoActionCell.swift */; };
		56E768FC1C9AD4380006F3EC /* TwoActionCell.xib in Resources */ = {isa = PBXBuildFile; fileRef = 56E768FA1C9AD4380006F3EC /* TwoActionCell.xib */; };
		56F4F6841C984DDA007E79FD /* AnotherVarticalCalendar.swift in Sources */ = {isa = PBXBuildFile; fileRef = 56F4F6821C984DDA007E79FD /* AnotherVarticalCalendar.swift */; };
		56F4F6851C984DDA007E79FD /* AnotherVarticalCalendar.xib in Resources */ = {isa = PBXBuildFile; fileRef = 56F4F6831C984DDA007E79FD /* AnotherVarticalCalendar.xib */; };
		56F4F6881C9941F6007E79FD /* AlertActionController.swift in Sources */ = {isa = PBXBuildFile; fileRef = 56F4F6861C9941F6007E79FD /* AlertActionController.swift */; };
		56F4F6891C9941F6007E79FD /* AlertActionController.xib in Resources */ = {isa = PBXBuildFile; fileRef = 56F4F6871C9941F6007E79FD /* AlertActionController.xib */; };
/* End PBXBuildFile section */

/* Begin PBXContainerItemProxy section */
		569527AB1C687E0D00466FC4 /* PBXContainerItemProxy */ = {
			isa = PBXContainerItemProxy;
			containerPortal = 5695278E1C687E0C00466FC4 /* Project object */;
			proxyType = 1;
			remoteGlobalIDString = 569527951C687E0C00466FC4;
			remoteInfo = UISample;
		};
		569527B61C687E0D00466FC4 /* PBXContainerItemProxy */ = {
			isa = PBXContainerItemProxy;
			containerPortal = 5695278E1C687E0C00466FC4 /* Project object */;
			proxyType = 1;
			remoteGlobalIDString = 569527951C687E0C00466FC4;
			remoteInfo = UISample;
		};
/* End PBXContainerItemProxy section */

/* Begin PBXFileReference section */
		561D22471C8D5D23008CCF50 /* LabelList.swift */ = {isa = PBXFileReference; fileEncoding = 4; lastKnownFileType = sourcecode.swift; path = LabelList.swift; sourceTree = "<group>"; };
		561D22481C8D5D23008CCF50 /* LabelList.xib */ = {isa = PBXFileReference; fileEncoding = 4; lastKnownFileType = file.xib; path = LabelList.xib; sourceTree = "<group>"; };
		561D224B1C8D7A70008CCF50 /* TextViewInTableViewVCL.swift */ = {isa = PBXFileReference; fileEncoding = 4; lastKnownFileType = sourcecode.swift; path = TextViewInTableViewVCL.swift; sourceTree = "<group>"; };
		561D224C1C8D7A71008CCF50 /* TextViewInTableViewVCL.xib */ = {isa = PBXFileReference; fileEncoding = 4; lastKnownFileType = file.xib; path = TextViewInTableViewVCL.xib; sourceTree = "<group>"; };
		561E60C11C6DE35000CFADF6 /* LandScapeCalendar.swift */ = {isa = PBXFileReference; fileEncoding = 4; lastKnownFileType = sourcecode.swift; path = LandScapeCalendar.swift; sourceTree = "<group>"; };
		561E60C21C6DE35000CFADF6 /* LandScapeCalendar.xib */ = {isa = PBXFileReference; fileEncoding = 4; lastKnownFileType = file.xib; path = LandScapeCalendar.xib; sourceTree = "<group>"; };
		561E60CA1C71733600CFADF6 /* OneCalendarCell.swift */ = {isa = PBXFileReference; fileEncoding = 4; lastKnownFileType = sourcecode.swift; path = OneCalendarCell.swift; sourceTree = "<group>"; };
		561E60CB1C71733600CFADF6 /* OneCalendarCell.xib */ = {isa = PBXFileReference; fileEncoding = 4; lastKnownFileType = file.xib; path = OneCalendarCell.xib; sourceTree = "<group>"; };
		561E60D61C7180D800CFADF6 /* VarticalCalendar.swift */ = {isa = PBXFileReference; fileEncoding = 4; lastKnownFileType = sourcecode.swift; path = VarticalCalendar.swift; sourceTree = "<group>"; };
		561E60D71C7180D800CFADF6 /* VarticalCalendar.xib */ = {isa = PBXFileReference; fileEncoding = 4; lastKnownFileType = file.xib; path = VarticalCalendar.xib; sourceTree = "<group>"; };
		5635BECD1C72C7E0007B580F /* UnderGrayModal.swift */ = {isa = PBXFileReference; fileEncoding = 4; lastKnownFileType = sourcecode.swift; path = UnderGrayModal.swift; sourceTree = "<group>"; };
		5635BECF1C72C7F6007B580F /* UnderGrayModal.xib */ = {isa = PBXFileReference; fileEncoding = 4; lastKnownFileType = file.xib; path = UnderGrayModal.xib; sourceTree = "<group>"; };
		563EEC701C8E6E2B00B21F07 /* TextViewInCell.swift */ = {isa = PBXFileReference; fileEncoding = 4; lastKnownFileType = sourcecode.swift; path = TextViewInCell.swift; sourceTree = "<group>"; };
		563EEC711C8E6E2B00B21F07 /* TextViewInCell.xib */ = {isa = PBXFileReference; fileEncoding = 4; lastKnownFileType = file.xib; path = TextViewInCell.xib; sourceTree = "<group>"; };
		563EEC891C8FE47C00B21F07 /* AutoLayoutByPG.swift */ = {isa = PBXFileReference; fileEncoding = 4; lastKnownFileType = sourcecode.swift; path = AutoLayoutByPG.swift; sourceTree = "<group>"; };
		563EEC8A1C8FE47C00B21F07 /* AutoLayoutByPG.xib */ = {isa = PBXFileReference; fileEncoding = 4; lastKnownFileType = file.xib; path = AutoLayoutByPG.xib; sourceTree = "<group>"; };
		563EEC8D1C8FE55600B21F07 /* AutoLayoutCell.swift */ = {isa = PBXFileReference; fileEncoding = 4; lastKnownFileType = sourcecode.swift; path = AutoLayoutCell.swift; sourceTree = "<group>"; };
		563EEC8E1C8FE55600B21F07 /* AutoLayoutCell.xib */ = {isa = PBXFileReference; fileEncoding = 4; lastKnownFileType = file.xib; path = AutoLayoutCell.xib; sourceTree = "<group>"; };
		56663D2A1C7FF34600D33441 /* WorkDetailSample.swift */ = {isa = PBXFileReference; fileEncoding = 4; lastKnownFileType = sourcecode.swift; path = WorkDetailSample.swift; sourceTree = "<group>"; };
		56663D2B1C7FF34600D33441 /* WorkDetailSample.xib */ = {isa = PBXFileReference; fileEncoding = 4; lastKnownFileType = file.xib; path = WorkDetailSample.xib; sourceTree = "<group>"; };
		56663D2E1C803DC400D33441 /* MutableHeightCell.swift */ = {isa = PBXFileReference; fileEncoding = 4; lastKnownFileType = sourcecode.swift; path = MutableHeightCell.swift; sourceTree = "<group>"; };
		56663D2F1C803DC400D33441 /* MutableHeightCell.xib */ = {isa = PBXFileReference; fileEncoding = 4; lastKnownFileType = file.xib; path = MutableHeightCell.xib; sourceTree = "<group>"; };
		56663D321C80743B00D33441 /* WorkDetailItemCell.swift */ = {isa = PBXFileReference; fileEncoding = 4; lastKnownFileType = sourcecode.swift; path = WorkDetailItemCell.swift; sourceTree = "<group>"; };
		56663D331C80743B00D33441 /* WorkDetailItemCell.xib */ = {isa = PBXFileReference; fileEncoding = 4; lastKnownFileType = file.xib; path = WorkDetailItemCell.xib; sourceTree = "<group>"; };
		56663D361C80768C00D33441 /* SummaryCell.swift */ = {isa = PBXFileReference; fileEncoding = 4; lastKnownFileType = sourcecode.swift; path = SummaryCell.swift; sourceTree = "<group>"; };
		56663D371C80768C00D33441 /* SummaryCell.xib */ = {isa = PBXFileReference; fileEncoding = 4; lastKnownFileType = file.xib; path = SummaryCell.xib; sourceTree = "<group>"; };
		56663D3A1C80788100D33441 /* WorkViewCell.swift */ = {isa = PBXFileReference; fileEncoding = 4; lastKnownFileType = sourcecode.swift; path = WorkViewCell.swift; sourceTree = "<group>"; };
		56663D3B1C80788100D33441 /* WorkViewCell.xib */ = {isa = PBXFileReference; fileEncoding = 4; lastKnownFileType = file.xib; path = WorkViewCell.xib; sourceTree = "<group>"; };
		56663D3E1C84177700D33441 /* LinkCell.swift */ = {isa = PBXFileReference; fileEncoding = 4; lastKnownFileType = sourcecode.swift; path = LinkCell.swift; sourceTree = "<group>"; };
		56663D3F1C84177700D33441 /* LinkCell.xib */ = {isa = PBXFileReference; fileEncoding = 4; lastKnownFileType = file.xib; path = LinkCell.xib; sourceTree = "<group>"; };
		56663D421C851AEC00D33441 /* WebKit.framework */ = {isa = PBXFileReference; lastKnownFileType = wrapper.framework; name = WebKit.framework; path = System/Library/PrivateFrameworks/WebKit.framework; sourceTree = SDKROOT; };
		567A0D311C7DC1270057E01F /* TestTableViewCell.swift */ = {isa = PBXFileReference; fileEncoding = 4; lastKnownFileType = sourcecode.swift; path = TestTableViewCell.swift; sourceTree = "<group>"; };
		567A0D321C7DC1270057E01F /* TestTableViewCell.xib */ = {isa = PBXFileReference; fileEncoding = 4; lastKnownFileType = file.xib; path = TestTableViewCell.xib; sourceTree = "<group>"; };
		567A0D351C7EEA5B0057E01F /* Regexp.swift */ = {isa = PBXFileReference; fileEncoding = 4; lastKnownFileType = sourcecode.swift; path = Regexp.swift; sourceTree = "<group>"; };
		567FF7361C768E7E00ADDBFF /* RTLabel.h */ = {isa = PBXFileReference; fileEncoding = 4; lastKnownFileType = sourcecode.c.h; path = RTLabel.h; sourceTree = "<group>"; };
		567FF7371C768E7E00ADDBFF /* RTLabel.m */ = {isa = PBXFileReference; fileEncoding = 4; lastKnownFileType = sourcecode.c.objc; path = RTLabel.m; sourceTree = "<group>"; };
		568ED0EC1C7456C5003AF9B2 /* TwoLineNavHeader.swift */ = {isa = PBXFileReference; fileEncoding = 4; lastKnownFileType = sourcecode.swift; path = TwoLineNavHeader.swift; sourceTree = "<group>"; };
		568ED0ED1C7456C5003AF9B2 /* TwoLineNavHeader.xib */ = {isa = PBXFileReference; fileEncoding = 4; lastKnownFileType = file.xib; path = TwoLineNavHeader.xib; sourceTree = "<group>"; };
		568ED0F01C745776003AF9B2 /* MultiLineTitleView.xib */ = {isa = PBXFileReference; fileEncoding = 4; lastKnownFileType = file.xib; path = MultiLineTitleView.xib; sourceTree = "<group>"; };
		568ED0F31C745C17003AF9B2 /* MultiLineTitleView.swift */ = {isa = PBXFileReference; fileEncoding = 4; lastKnownFileType = sourcecode.swift; path = MultiLineTitleView.swift; sourceTree = "<group>"; };
		568ED0F51C745E2D003AF9B2 /* TableViewInTableCell.swift */ = {isa = PBXFileReference; fileEncoding = 4; lastKnownFileType = sourcecode.swift; path = TableViewInTableCell.swift; sourceTree = "<group>"; };
		568ED0F61C745E2D003AF9B2 /* TableViewInTableCell.xib */ = {isa = PBXFileReference; fileEncoding = 4; lastKnownFileType = file.xib; path = TableViewInTableCell.xib; sourceTree = "<group>"; };
		568ED0F91C747357003AF9B2 /* PaddingLabel.swift */ = {isa = PBXFileReference; fileEncoding = 4; lastKnownFileType = sourcecode.swift; path = PaddingLabel.swift; sourceTree = "<group>"; };
		568ED0FB1C747B96003AF9B2 /* TableViewInCell.swift */ = {isa = PBXFileReference; fileEncoding = 4; lastKnownFileType = sourcecode.swift; path = TableViewInCell.swift; sourceTree = "<group>"; };
		568ED0FC1C747B96003AF9B2 /* TableViewInCell.xib */ = {isa = PBXFileReference; fileEncoding = 4; lastKnownFileType = file.xib; path = TableViewInCell.xib; sourceTree = "<group>"; };
		568ED0FF1C755057003AF9B2 /* CellAcordionVCL.swift */ = {isa = PBXFileReference; fileEncoding = 4; lastKnownFileType = sourcecode.swift; path = CellAcordionVCL.swift; sourceTree = "<group>"; };
		568ED1001C755057003AF9B2 /* CellAcordionVCL.xib */ = {isa = PBXFileReference; fileEncoding = 4; lastKnownFileType = file.xib; path = CellAcordionVCL.xib; sourceTree = "<group>"; };
		568ED1031C755C0D003AF9B2 /* FirstCustomCell.swift */ = {isa = PBXFileReference; fileEncoding = 4; lastKnownFileType = sourcecode.swift; path = FirstCustomCell.swift; sourceTree = "<group>"; };
		568ED1041C755C0D003AF9B2 /* FirstCustomCell.xib */ = {isa = PBXFileReference; fileEncoding = 4; lastKnownFileType = file.xib; path = FirstCustomCell.xib; sourceTree = "<group>"; };
		568ED1071C755C93003AF9B2 /* SecondCustomCell.swift */ = {isa = PBXFileReference; fileEncoding = 4; lastKnownFileType = sourcecode.swift; path = SecondCustomCell.swift; sourceTree = "<group>"; };
		568ED1081C755C93003AF9B2 /* SecondCustomCell.xib */ = {isa = PBXFileReference; fileEncoding = 4; lastKnownFileType = file.xib; path = SecondCustomCell.xib; sourceTree = "<group>"; };
		568ED10B1C755CB9003AF9B2 /* ThirdCustomCell.swift */ = {isa = PBXFileReference; fileEncoding = 4; lastKnownFileType = sourcecode.swift; path = ThirdCustomCell.swift; sourceTree = "<group>"; };
		568ED10C1C755CB9003AF9B2 /* ThirdCustomCell.xib */ = {isa = PBXFileReference; fileEncoding = 4; lastKnownFileType = file.xib; path = ThirdCustomCell.xib; sourceTree = "<group>"; };
		568ED10F1C755CCC003AF9B2 /* ForthCustomCell.swift */ = {isa = PBXFileReference; fileEncoding = 4; lastKnownFileType = sourcecode.swift; path = ForthCustomCell.swift; sourceTree = "<group>"; };
		568ED1101C755CCC003AF9B2 /* ForthCustomCell.xib */ = {isa = PBXFileReference; fileEncoding = 4; lastKnownFileType = file.xib; path = ForthCustomCell.xib; sourceTree = "<group>"; };
		568ED1131C759851003AF9B2 /* ModalVCL.swift */ = {isa = PBXFileReference; fileEncoding = 4; lastKnownFileType = sourcecode.swift; path = ModalVCL.swift; sourceTree = "<group>"; };
		568ED1141C759851003AF9B2 /* ModalVCL.xib */ = {isa = PBXFileReference; fileEncoding = 4; lastKnownFileType = file.xib; path = ModalVCL.xib; sourceTree = "<group>"; };
		568ED1631C75DED2003AF9B2 /* HtmlTest.swift */ = {isa = PBXFileReference; fileEncoding = 4; lastKnownFileType = sourcecode.swift; path = HtmlTest.swift; sourceTree = "<group>"; };
		568ED1641C75DED2003AF9B2 /* HtmlTest.xib */ = {isa = PBXFileReference; fileEncoding = 4; lastKnownFileType = file.xib; path = HtmlTest.xib; sourceTree = "<group>"; };
		568ED16B1C761CE3003AF9B2 /* UISample-Bridging-Header.h */ = {isa = PBXFileReference; lastKnownFileType = sourcecode.c.h; path = "UISample-Bridging-Header.h"; sourceTree = "<group>"; };
		569527961C687E0C00466FC4 /* UISample.app */ = {isa = PBXFileReference; explicitFileType = wrapper.application; includeInIndex = 0; path = UISample.app; sourceTree = BUILT_PRODUCTS_DIR; };
		569527991C687E0C00466FC4 /* AppDelegate.swift */ = {isa = PBXFileReference; lastKnownFileType = sourcecode.swift; path = AppDelegate.swift; sourceTree = "<group>"; };
		5695279B1C687E0D00466FC4 /* ViewController.swift */ = {isa = PBXFileReference; lastKnownFileType = sourcecode.swift; path = ViewController.swift; sourceTree = "<group>"; };
		5695279E1C687E0D00466FC4 /* Base */ = {isa = PBXFileReference; lastKnownFileType = file.storyboard; name = Base; path = Base.lproj/Main.storyboard; sourceTree = "<group>"; };
		569527A01C687E0D00466FC4 /* Assets.xcassets */ = {isa = PBXFileReference; lastKnownFileType = folder.assetcatalog; path = Assets.xcassets; sourceTree = "<group>"; };
		569527A31C687E0D00466FC4 /* Base */ = {isa = PBXFileReference; lastKnownFileType = file.storyboard; name = Base; path = Base.lproj/LaunchScreen.storyboard; sourceTree = "<group>"; };
		569527A51C687E0D00466FC4 /* Info.plist */ = {isa = PBXFileReference; lastKnownFileType = text.plist.xml; path = Info.plist; sourceTree = "<group>"; };
		569527AA1C687E0D00466FC4 /* UISampleTests.xctest */ = {isa = PBXFileReference; explicitFileType = wrapper.cfbundle; includeInIndex = 0; path = UISampleTests.xctest; sourceTree = BUILT_PRODUCTS_DIR; };
		569527AE1C687E0D00466FC4 /* UISampleTests.swift */ = {isa = PBXFileReference; lastKnownFileType = sourcecode.swift; path = UISampleTests.swift; sourceTree = "<group>"; };
		569527B01C687E0D00466FC4 /* Info.plist */ = {isa = PBXFileReference; lastKnownFileType = text.plist.xml; path = Info.plist; sourceTree = "<group>"; };
		569527B51C687E0D00466FC4 /* UISampleUITests.xctest */ = {isa = PBXFileReference; explicitFileType = wrapper.cfbundle; includeInIndex = 0; path = UISampleUITests.xctest; sourceTree = BUILT_PRODUCTS_DIR; };
		569527B91C687E0D00466FC4 /* UISampleUITests.swift */ = {isa = PBXFileReference; lastKnownFileType = sourcecode.swift; path = UISampleUITests.swift; sourceTree = "<group>"; };
		569527BB1C687E0D00466FC4 /* Info.plist */ = {isa = PBXFileReference; lastKnownFileType = text.plist.xml; path = Info.plist; sourceTree = "<group>"; };
		569527C71C687EEF00466FC4 /* ViewController.xib */ = {isa = PBXFileReference; fileEncoding = 4; lastKnownFileType = file.xib; path = ViewController.xib; sourceTree = "<group>"; };
		569527CA1C687F5700466FC4 /* CustomNavbar.xib */ = {isa = PBXFileReference; fileEncoding = 4; lastKnownFileType = file.xib; path = CustomNavbar.xib; sourceTree = "<group>"; };
		569527EA1C6973FA00466FC4 /* CustomNavbar.swift */ = {isa = PBXFileReference; fileEncoding = 4; lastKnownFileType = sourcecode.swift; path = CustomNavbar.swift; sourceTree = "<group>"; };
		56AE18F41CA221B000FCFB8C /* SegmentedTabVCL.swift */ = {isa = PBXFileReference; fileEncoding = 4; lastKnownFileType = sourcecode.swift; path = SegmentedTabVCL.swift; sourceTree = "<group>"; };
		56AE18F51CA221B000FCFB8C /* SegmentedTabVCL.xib */ = {isa = PBXFileReference; fileEncoding = 4; lastKnownFileType = file.xib; path = SegmentedTabVCL.xib; sourceTree = "<group>"; };
		56B548BA1C97F9BB00191CE1 /* AnotherMonthView.swift */ = {isa = PBXFileReference; fileEncoding = 4; lastKnownFileType = sourcecode.swift; path = AnotherMonthView.swift; sourceTree = "<group>"; };
		56B548C01C97FB2C00191CE1 /* AutoCalendarCell.swift */ = {isa = PBXFileReference; fileEncoding = 4; lastKnownFileType = sourcecode.swift; path = AutoCalendarCell.swift; sourceTree = "<group>"; };
		56B548C11C97FB2C00191CE1 /* AutoCalendarCell.xib */ = {isa = PBXFileReference; fileEncoding = 4; lastKnownFileType = file.xib; path = AutoCalendarCell.xib; sourceTree = "<group>"; };
		56BA6CAB1C72FA17005F5AF7 /* KeyboardSample.swift */ = {isa = PBXFileReference; fileEncoding = 4; lastKnownFileType = sourcecode.swift; path = KeyboardSample.swift; sourceTree = "<group>"; };
		56BA6CAC1C72FA17005F5AF7 /* KeyboardSample.xib */ = {isa = PBXFileReference; fileEncoding = 4; lastKnownFileType = file.xib; path = KeyboardSample.xib; sourceTree = "<group>"; };
		56C2A4341CA3758900F3AC11 /* FirstVCL.swift */ = {isa = PBXFileReference; fileEncoding = 4; lastKnownFileType = sourcecode.swift; path = FirstVCL.swift; sourceTree = "<group>"; };
		56C2A4351CA3758900F3AC11 /* FirstVCL.xib */ = {isa = PBXFileReference; fileEncoding = 4; lastKnownFileType = file.xib; path = FirstVCL.xib; sourceTree = "<group>"; };
		56C2A4381CA3759B00F3AC11 /* SecondVCL.swift */ = {isa = PBXFileReference; fileEncoding = 4; lastKnownFileType = sourcecode.swift; path = SecondVCL.swift; sourceTree = "<group>"; };
		56C2A4391CA3759B00F3AC11 /* SecondVCL.xib */ = {isa = PBXFileReference; fileEncoding = 4; lastKnownFileType = file.xib; path = SecondVCL.xib; sourceTree = "<group>"; };
		56C2A43C1CA3766900F3AC11 /* ThirdVCL.swift */ = {isa = PBXFileReference; fileEncoding = 4; lastKnownFileType = sourcecode.swift; path = ThirdVCL.swift; sourceTree = "<group>"; };
		56C2A43D1CA3766900F3AC11 /* ThirdVCL.xib */ = {isa = PBXFileReference; fileEncoding = 4; lastKnownFileType = file.xib; path = ThirdVCL.xib; sourceTree = "<group>"; };
		56C9F4321C9B8AD20075596D /* FirstAction.swift */ = {isa = PBXFileReference; fileEncoding = 4; lastKnownFileType = sourcecode.swift; path = FirstAction.swift; sourceTree = "<group>"; };
		56C9F4331C9B8AD20075596D /* FirstAction.xib */ = {isa = PBXFileReference; fileEncoding = 4; lastKnownFileType = file.xib; path = FirstAction.xib; sourceTree = "<group>"; };
		56C9F4361C9B8AFA0075596D /* SecondAction.swift */ = {isa = PBXFileReference; fileEncoding = 4; lastKnownFileType = sourcecode.swift; path = SecondAction.swift; sourceTree = "<group>"; };
		56C9F4371C9B8AFA0075596D /* SecondAction.xib */ = {isa = PBXFileReference; fileEncoding = 4; lastKnownFileType = file.xib; path = SecondAction.xib; sourceTree = "<group>"; };
		56E74D911C69E30100A578CD /* CustomSwitchVCL.swift */ = {isa = PBXFileReference; fileEncoding = 4; lastKnownFileType = sourcecode.swift; path = CustomSwitchVCL.swift; sourceTree = "<group>"; };
		56E74D921C69E30100A578CD /* CustomSwitchVCL.xib */ = {isa = PBXFileReference; fileEncoding = 4; lastKnownFileType = file.xib; path = CustomSwitchVCL.xib; sourceTree = "<group>"; };
		56E74D951C69E62700A578CD /* SwitchWithCell.swift */ = {isa = PBXFileReference; fileEncoding = 4; lastKnownFileType = sourcecode.swift; path = SwitchWithCell.swift; sourceTree = "<group>"; };
		56E74D961C69E62700A578CD /* SwitchWithCell.xib */ = {isa = PBXFileReference; fileEncoding = 4; lastKnownFileType = file.xib; path = SwitchWithCell.xib; sourceTree = "<group>"; };
		56E74DE01C6B2FE100A578CD /* SimpleCalendar.swift */ = {isa = PBXFileReference; fileEncoding = 4; lastKnownFileType = sourcecode.swift; path = SimpleCalendar.swift; sourceTree = "<group>"; };
		56E74DE11C6B2FE100A578CD /* SimpleCalendar.xib */ = {isa = PBXFileReference; fileEncoding = 4; lastKnownFileType = file.xib; path = SimpleCalendar.xib; sourceTree = "<group>"; };
		56E74DE41C6B326E00A578CD /* DayView.swift */ = {isa = PBXFileReference; fileEncoding = 4; lastKnownFileType = sourcecode.swift; path = DayView.swift; sourceTree = "<group>"; };
		56E74DE61C6B336600A578CD /* MonthView.swift */ = {isa = PBXFileReference; fileEncoding = 4; lastKnownFileType = sourcecode.swift; path = MonthView.swift; sourceTree = "<group>"; };
		56E768F51C9AD24E0006F3EC /* TwoActionTable.swift */ = {isa = PBXFileReference; fileEncoding = 4; lastKnownFileType = sourcecode.swift; path = TwoActionTable.swift; sourceTree = "<group>"; };
		56E768F61C9AD24E0006F3EC /* TwoActionTable.xib */ = {isa = PBXFileReference; fileEncoding = 4; lastKnownFileType = file.xib; path = TwoActionTable.xib; sourceTree = "<group>"; };
		56E768F91C9AD4380006F3EC /* TwoActionCell.swift */ = {isa = PBXFileReference; fileEncoding = 4; lastKnownFileType = sourcecode.swift; path = TwoActionCell.swift; sourceTree = "<group>"; };
		56E768FA1C9AD4380006F3EC /* TwoActionCell.xib */ = {isa = PBXFileReference; fileEncoding = 4; lastKnownFileType = file.xib; path = TwoActionCell.xib; sourceTree = "<group>"; };
		56F4F6821C984DDA007E79FD /* AnotherVarticalCalendar.swift */ = {isa = PBXFileReference; fileEncoding = 4; lastKnownFileType = sourcecode.swift; path = AnotherVarticalCalendar.swift; sourceTree = "<group>"; };
		56F4F6831C984DDA007E79FD /* AnotherVarticalCalendar.xib */ = {isa = PBXFileReference; fileEncoding = 4; lastKnownFileType = file.xib; path = AnotherVarticalCalendar.xib; sourceTree = "<group>"; };
		56F4F6861C9941F6007E79FD /* AlertActionController.swift */ = {isa = PBXFileReference; fileEncoding = 4; lastKnownFileType = sourcecode.swift; path = AlertActionController.swift; sourceTree = "<group>"; };
		56F4F6871C9941F6007E79FD /* AlertActionController.xib */ = {isa = PBXFileReference; fileEncoding = 4; lastKnownFileType = file.xib; path = AlertActionController.xib; sourceTree = "<group>"; };
/* End PBXFileReference section */

/* Begin PBXFrameworksBuildPhase section */
		569527931C687E0C00466FC4 /* Frameworks */ = {
			isa = PBXFrameworksBuildPhase;
			buildActionMask = 2147483647;
			files = (
				56663D431C851AEC00D33441 /* WebKit.framework in Frameworks */,
			);
			runOnlyForDeploymentPostprocessing = 0;
		};
		569527A71C687E0D00466FC4 /* Frameworks */ = {
			isa = PBXFrameworksBuildPhase;
			buildActionMask = 2147483647;
			files = (
			);
			runOnlyForDeploymentPostprocessing = 0;
		};
		569527B21C687E0D00466FC4 /* Frameworks */ = {
			isa = PBXFrameworksBuildPhase;
			buildActionMask = 2147483647;
			files = (
			);
			runOnlyForDeploymentPostprocessing = 0;
		};
/* End PBXFrameworksBuildPhase section */

/* Begin PBXGroup section */
		561E60C91C7172FE00CFADF6 /* table */ = {
			isa = PBXGroup;
			children = (
				567A0D311C7DC1270057E01F /* TestTableViewCell.swift */,
				567A0D321C7DC1270057E01F /* TestTableViewCell.xib */,
				561E60CA1C71733600CFADF6 /* OneCalendarCell.swift */,
				561E60CB1C71733600CFADF6 /* OneCalendarCell.xib */,
				568ED0FB1C747B96003AF9B2 /* TableViewInCell.swift */,
				568ED0FC1C747B96003AF9B2 /* TableViewInCell.xib */,
				568ED1031C755C0D003AF9B2 /* FirstCustomCell.swift */,
				568ED1041C755C0D003AF9B2 /* FirstCustomCell.xib */,
				568ED1071C755C93003AF9B2 /* SecondCustomCell.swift */,
				568ED1081C755C93003AF9B2 /* SecondCustomCell.xib */,
				568ED10B1C755CB9003AF9B2 /* ThirdCustomCell.swift */,
				568ED10C1C755CB9003AF9B2 /* ThirdCustomCell.xib */,
				568ED10F1C755CCC003AF9B2 /* ForthCustomCell.swift */,
				568ED1101C755CCC003AF9B2 /* ForthCustomCell.xib */,
				56663D2E1C803DC400D33441 /* MutableHeightCell.swift */,
				56663D2F1C803DC400D33441 /* MutableHeightCell.xib */,
				56663D321C80743B00D33441 /* WorkDetailItemCell.swift */,
				56663D331C80743B00D33441 /* WorkDetailItemCell.xib */,
				56663D361C80768C00D33441 /* SummaryCell.swift */,
				56663D371C80768C00D33441 /* SummaryCell.xib */,
				56663D3A1C80788100D33441 /* WorkViewCell.swift */,
				56663D3B1C80788100D33441 /* WorkViewCell.xib */,
				56663D3E1C84177700D33441 /* LinkCell.swift */,
				56663D3F1C84177700D33441 /* LinkCell.xib */,
				563EEC701C8E6E2B00B21F07 /* TextViewInCell.swift */,
				563EEC711C8E6E2B00B21F07 /* TextViewInCell.xib */,
				563EEC8D1C8FE55600B21F07 /* AutoLayoutCell.swift */,
				563EEC8E1C8FE55600B21F07 /* AutoLayoutCell.xib */,
				56B548C01C97FB2C00191CE1 /* AutoCalendarCell.swift */,
				56B548C11C97FB2C00191CE1 /* AutoCalendarCell.xib */,
				56E768F91C9AD4380006F3EC /* TwoActionCell.swift */,
				56E768FA1C9AD4380006F3EC /* TwoActionCell.xib */,
			);
			name = table;
			sourceTree = "<group>";
		};
		568ED0F21C74577D003AF9B2 /* view */ = {
			isa = PBXGroup;
			children = (
				5635BECD1C72C7E0007B580F /* UnderGrayModal.swift */,
				5635BECF1C72C7F6007B580F /* UnderGrayModal.xib */,
				568ED0F31C745C17003AF9B2 /* MultiLineTitleView.swift */,
				568ED0F01C745776003AF9B2 /* MultiLineTitleView.xib */,
				56E74DE41C6B326E00A578CD /* DayView.swift */,
				56E74DE61C6B336600A578CD /* MonthView.swift */,
				56B548BA1C97F9BB00191CE1 /* AnotherMonthView.swift */,
			);
			name = view;
			sourceTree = "<group>";
		};
		5695278D1C687E0C00466FC4 = {
			isa = PBXGroup;
			children = (
				56663D421C851AEC00D33441 /* WebKit.framework */,
				569527981C687E0C00466FC4 /* UISample */,
				569527AD1C687E0D00466FC4 /* UISampleTests */,
				569527B81C687E0D00466FC4 /* UISampleUITests */,
				569527971C687E0C00466FC4 /* Products */,
			);
			sourceTree = "<group>";
		};
		569527971C687E0C00466FC4 /* Products */ = {
			isa = PBXGroup;
			children = (
				569527961C687E0C00466FC4 /* UISample.app */,
				569527AA1C687E0D00466FC4 /* UISampleTests.xctest */,
				569527B51C687E0D00466FC4 /* UISampleUITests.xctest */,
			);
			name = Products;
			sourceTree = "<group>";
		};
		569527981C687E0C00466FC4 /* UISample */ = {
			isa = PBXGroup;
			children = (
				567FF7361C768E7E00ADDBFF /* RTLabel.h */,
				567FF7371C768E7E00ADDBFF /* RTLabel.m */,
				568ED0F21C74577D003AF9B2 /* view */,
				561E60C91C7172FE00CFADF6 /* table */,
				569527991C687E0C00466FC4 /* AppDelegate.swift */,
				5695279B1C687E0D00466FC4 /* ViewController.swift */,
				5695279D1C687E0D00466FC4 /* Main.storyboard */,
				569527A01C687E0D00466FC4 /* Assets.xcassets */,
				569527A21C687E0D00466FC4 /* LaunchScreen.storyboard */,
				569527A51C687E0D00466FC4 /* Info.plist */,
				569527C71C687EEF00466FC4 /* ViewController.xib */,
				569527CA1C687F5700466FC4 /* CustomNavbar.xib */,
				569527EA1C6973FA00466FC4 /* CustomNavbar.swift */,
				56E74D911C69E30100A578CD /* CustomSwitchVCL.swift */,
				56E74D921C69E30100A578CD /* CustomSwitchVCL.xib */,
				56E74D951C69E62700A578CD /* SwitchWithCell.swift */,
				56E74D961C69E62700A578CD /* SwitchWithCell.xib */,
				56E74DE01C6B2FE100A578CD /* SimpleCalendar.swift */,
				56E74DE11C6B2FE100A578CD /* SimpleCalendar.xib */,
				561E60C11C6DE35000CFADF6 /* LandScapeCalendar.swift */,
				561E60C21C6DE35000CFADF6 /* LandScapeCalendar.xib */,
				561E60D61C7180D800CFADF6 /* VarticalCalendar.swift */,
				561E60D71C7180D800CFADF6 /* VarticalCalendar.xib */,
				56BA6CAB1C72FA17005F5AF7 /* KeyboardSample.swift */,
				56BA6CAC1C72FA17005F5AF7 /* KeyboardSample.xib */,
				568ED0EC1C7456C5003AF9B2 /* TwoLineNavHeader.swift */,
				568ED0ED1C7456C5003AF9B2 /* TwoLineNavHeader.xib */,
				568ED0F51C745E2D003AF9B2 /* TableViewInTableCell.swift */,
				568ED0F61C745E2D003AF9B2 /* TableViewInTableCell.xib */,
				568ED0F91C747357003AF9B2 /* PaddingLabel.swift */,
				568ED0FF1C755057003AF9B2 /* CellAcordionVCL.swift */,
				568ED1001C755057003AF9B2 /* CellAcordionVCL.xib */,
				568ED1131C759851003AF9B2 /* ModalVCL.swift */,
				568ED1141C759851003AF9B2 /* ModalVCL.xib */,
				568ED1631C75DED2003AF9B2 /* HtmlTest.swift */,
				568ED1641C75DED2003AF9B2 /* HtmlTest.xib */,
				568ED16B1C761CE3003AF9B2 /* UISample-Bridging-Header.h */,
				567A0D351C7EEA5B0057E01F /* Regexp.swift */,
				56663D2A1C7FF34600D33441 /* WorkDetailSample.swift */,
				56663D2B1C7FF34600D33441 /* WorkDetailSample.xib */,
				561D22471C8D5D23008CCF50 /* LabelList.swift */,
				561D22481C8D5D23008CCF50 /* LabelList.xib */,
				561D224B1C8D7A70008CCF50 /* TextViewInTableViewVCL.swift */,
				561D224C1C8D7A71008CCF50 /* TextViewInTableViewVCL.xib */,
				563EEC891C8FE47C00B21F07 /* AutoLayoutByPG.swift */,
				563EEC8A1C8FE47C00B21F07 /* AutoLayoutByPG.xib */,
				56F4F6821C984DDA007E79FD /* AnotherVarticalCalendar.swift */,
				56F4F6831C984DDA007E79FD /* AnotherVarticalCalendar.xib */,
				56F4F6861C9941F6007E79FD /* AlertActionController.swift */,
				56F4F6871C9941F6007E79FD /* AlertActionController.xib */,
				56E768F51C9AD24E0006F3EC /* TwoActionTable.swift */,
				56E768F61C9AD24E0006F3EC /* TwoActionTable.xib */,
				56C9F4321C9B8AD20075596D /* FirstAction.swift */,
				56C9F4331C9B8AD20075596D /* FirstAction.xib */,
				56C9F4361C9B8AFA0075596D /* SecondAction.swift */,
				56C9F4371C9B8AFA0075596D /* SecondAction.xib */,
				56AE18F41CA221B000FCFB8C /* SegmentedTabVCL.swift */,
				56AE18F51CA221B000FCFB8C /* SegmentedTabVCL.xib */,
				56C2A4341CA3758900F3AC11 /* FirstVCL.swift */,
				56C2A4351CA3758900F3AC11 /* FirstVCL.xib */,
				56C2A4381CA3759B00F3AC11 /* SecondVCL.swift */,
				56C2A4391CA3759B00F3AC11 /* SecondVCL.xib */,
				56C2A43C1CA3766900F3AC11 /* ThirdVCL.swift */,
				56C2A43D1CA3766900F3AC11 /* ThirdVCL.xib */,
			);
			path = UISample;
			sourceTree = "<group>";
		};
		569527AD1C687E0D00466FC4 /* UISampleTests */ = {
			isa = PBXGroup;
			children = (
				569527AE1C687E0D00466FC4 /* UISampleTests.swift */,
				569527B01C687E0D00466FC4 /* Info.plist */,
			);
			path = UISampleTests;
			sourceTree = "<group>";
		};
		569527B81C687E0D00466FC4 /* UISampleUITests */ = {
			isa = PBXGroup;
			children = (
				569527B91C687E0D00466FC4 /* UISampleUITests.swift */,
				569527BB1C687E0D00466FC4 /* Info.plist */,
			);
			path = UISampleUITests;
			sourceTree = "<group>";
		};
/* End PBXGroup section */

/* Begin PBXNativeTarget section */
		569527951C687E0C00466FC4 /* UISample */ = {
			isa = PBXNativeTarget;
			buildConfigurationList = 569527BE1C687E0D00466FC4 /* Build configuration list for PBXNativeTarget "UISample" */;
			buildPhases = (
				569527921C687E0C00466FC4 /* Sources */,
				569527931C687E0C00466FC4 /* Frameworks */,
				569527941C687E0C00466FC4 /* Resources */,
			);
			buildRules = (
			);
			dependencies = (
			);
			name = UISample;
			productName = UISample;
			productReference = 569527961C687E0C00466FC4 /* UISample.app */;
			productType = "com.apple.product-type.application";
		};
		569527A91C687E0D00466FC4 /* UISampleTests */ = {
			isa = PBXNativeTarget;
			buildConfigurationList = 569527C11C687E0D00466FC4 /* Build configuration list for PBXNativeTarget "UISampleTests" */;
			buildPhases = (
				569527A61C687E0D00466FC4 /* Sources */,
				569527A71C687E0D00466FC4 /* Frameworks */,
				569527A81C687E0D00466FC4 /* Resources */,
			);
			buildRules = (
			);
			dependencies = (
				569527AC1C687E0D00466FC4 /* PBXTargetDependency */,
			);
			name = UISampleTests;
			productName = UISampleTests;
			productReference = 569527AA1C687E0D00466FC4 /* UISampleTests.xctest */;
			productType = "com.apple.product-type.bundle.unit-test";
		};
		569527B41C687E0D00466FC4 /* UISampleUITests */ = {
			isa = PBXNativeTarget;
			buildConfigurationList = 569527C41C687E0D00466FC4 /* Build configuration list for PBXNativeTarget "UISampleUITests" */;
			buildPhases = (
				569527B11C687E0D00466FC4 /* Sources */,
				569527B21C687E0D00466FC4 /* Frameworks */,
				569527B31C687E0D00466FC4 /* Resources */,
			);
			buildRules = (
			);
			dependencies = (
				569527B71C687E0D00466FC4 /* PBXTargetDependency */,
			);
			name = UISampleUITests;
			productName = UISampleUITests;
			productReference = 569527B51C687E0D00466FC4 /* UISampleUITests.xctest */;
			productType = "com.apple.product-type.bundle.ui-testing";
		};
/* End PBXNativeTarget section */

/* Begin PBXProject section */
		5695278E1C687E0C00466FC4 /* Project object */ = {
			isa = PBXProject;
			attributes = {
				LastSwiftUpdateCheck = 0720;
				LastUpgradeCheck = 0720;
				ORGANIZATIONNAME = "平塚 俊輔";
				TargetAttributes = {
					569527951C687E0C00466FC4 = {
						CreatedOnToolsVersion = 7.2;
					};
					569527A91C687E0D00466FC4 = {
						CreatedOnToolsVersion = 7.2;
						TestTargetID = 569527951C687E0C00466FC4;
					};
					569527B41C687E0D00466FC4 = {
						CreatedOnToolsVersion = 7.2;
						TestTargetID = 569527951C687E0C00466FC4;
					};
				};
			};
			buildConfigurationList = 569527911C687E0C00466FC4 /* Build configuration list for PBXProject "UISample" */;
			compatibilityVersion = "Xcode 3.2";
			developmentRegion = English;
			hasScannedForEncodings = 0;
			knownRegions = (
				en,
				Base,
			);
			mainGroup = 5695278D1C687E0C00466FC4;
			productRefGroup = 569527971C687E0C00466FC4 /* Products */;
			projectDirPath = "";
			projectRoot = "";
			targets = (
				569527951C687E0C00466FC4 /* UISample */,
				569527A91C687E0D00466FC4 /* UISampleTests */,
				569527B41C687E0D00466FC4 /* UISampleUITests */,
			);
		};
/* End PBXProject section */

/* Begin PBXResourcesBuildPhase section */
		569527941C687E0C00466FC4 /* Resources */ = {
			isa = PBXResourcesBuildPhase;
			buildActionMask = 2147483647;
			files = (
				56AE18F71CA221B000FCFB8C /* SegmentedTabVCL.xib in Resources */,
				561D224E1C8D7A71008CCF50 /* TextViewInTableViewVCL.xib in Resources */,
				56E74D981C69E62700A578CD /* SwitchWithCell.xib in Resources */,
				563EEC901C8FE55600B21F07 /* AutoLayoutCell.xib in Resources */,
				56BA6CAE1C72FA17005F5AF7 /* KeyboardSample.xib in Resources */,
				568ED10E1C755CB9003AF9B2 /* ThirdCustomCell.xib in Resources */,
				569527A41C687E0D00466FC4 /* LaunchScreen.storyboard in Resources */,
				56F4F6851C984DDA007E79FD /* AnotherVarticalCalendar.xib in Resources */,
				569527A11C687E0D00466FC4 /* Assets.xcassets in Resources */,
				563EEC731C8E6E2B00B21F07 /* TextViewInCell.xib in Resources */,
				56F4F6891C9941F6007E79FD /* AlertActionController.xib in Resources */,
				56C2A43B1CA3759B00F3AC11 /* SecondVCL.xib in Resources */,
				569527C81C687EEF00466FC4 /* ViewController.xib in Resources */,
				568ED1161C759851003AF9B2 /* ModalVCL.xib in Resources */,
				56C9F4391C9B8AFA0075596D /* SecondAction.xib in Resources */,
				561E60CD1C71733600CFADF6 /* OneCalendarCell.xib in Resources */,
				56663D351C80743B00D33441 /* WorkDetailItemCell.xib in Resources */,
				568ED1061C755C0D003AF9B2 /* FirstCustomCell.xib in Resources */,
				56B548C31C97FB2C00191CE1 /* AutoCalendarCell.xib in Resources */,
				56E768FC1C9AD4380006F3EC /* TwoActionCell.xib in Resources */,
				568ED0F11C745776003AF9B2 /* MultiLineTitleView.xib in Resources */,
				568ED1661C75DED2003AF9B2 /* HtmlTest.xib in Resources */,
				568ED10A1C755C93003AF9B2 /* SecondCustomCell.xib in Resources */,
				5635BED01C72C7F6007B580F /* UnderGrayModal.xib in Resources */,
				568ED1021C755057003AF9B2 /* CellAcordionVCL.xib in Resources */,
				56663D411C84177700D33441 /* LinkCell.xib in Resources */,
				56663D3D1C80788100D33441 /* WorkViewCell.xib in Resources */,
				56C2A43F1CA3766900F3AC11 /* ThirdVCL.xib in Resources */,
				569527CC1C687F5700466FC4 /* CustomNavbar.xib in Resources */,
				56E74D941C69E30100A578CD /* CustomSwitchVCL.xib in Resources */,
				56C9F4351C9B8AD20075596D /* FirstAction.xib in Resources */,
				56663D311C803DC500D33441 /* MutableHeightCell.xib in Resources */,
				568ED1121C755CCC003AF9B2 /* ForthCustomCell.xib in Resources */,
				56E768F81C9AD24E0006F3EC /* TwoActionTable.xib in Resources */,
				568ED0EF1C7456C5003AF9B2 /* TwoLineNavHeader.xib in Resources */,
				563EEC8C1C8FE47C00B21F07 /* AutoLayoutByPG.xib in Resources */,
				567A0D341C7DC1270057E01F /* TestTableViewCell.xib in Resources */,
				56663D2D1C7FF34600D33441 /* WorkDetailSample.xib in Resources */,
				56C2A4371CA3758900F3AC11 /* FirstVCL.xib in Resources */,
				568ED0F81C745E2D003AF9B2 /* TableViewInTableCell.xib in Resources */,
				561E60D91C7180D800CFADF6 /* VarticalCalendar.xib in Resources */,
				561D224A1C8D5D23008CCF50 /* LabelList.xib in Resources */,
				5695279F1C687E0D00466FC4 /* Main.storyboard in Resources */,
				561E60C41C6DE35000CFADF6 /* LandScapeCalendar.xib in Resources */,
				568ED0FE1C747B96003AF9B2 /* TableViewInCell.xib in Resources */,
				56663D391C80768C00D33441 /* SummaryCell.xib in Resources */,
				56E74DE31C6B2FE100A578CD /* SimpleCalendar.xib in Resources */,
			);
			runOnlyForDeploymentPostprocessing = 0;
		};
		569527A81C687E0D00466FC4 /* Resources */ = {
			isa = PBXResourcesBuildPhase;
			buildActionMask = 2147483647;
			files = (
			);
			runOnlyForDeploymentPostprocessing = 0;
		};
		569527B31C687E0D00466FC4 /* Resources */ = {
			isa = PBXResourcesBuildPhase;
			buildActionMask = 2147483647;
			files = (
			);
			runOnlyForDeploymentPostprocessing = 0;
		};
/* End PBXResourcesBuildPhase section */

/* Begin PBXSourcesBuildPhase section */
		569527921C687E0C00466FC4 /* Sources */ = {
			isa = PBXSourcesBuildPhase;
			buildActionMask = 2147483647;
			files = (
				561E60D81C7180D800CFADF6 /* VarticalCalendar.swift in Sources */,
				5635BECE1C72C7E0007B580F /* UnderGrayModal.swift in Sources */,
				56C9F4341C9B8AD20075596D /* FirstAction.swift in Sources */,
				567A0D331C7DC1270057E01F /* TestTableViewCell.swift in Sources */,
				56F4F6881C9941F6007E79FD /* AlertActionController.swift in Sources */,
				56C9F4381C9B8AFA0075596D /* SecondAction.swift in Sources */,
				56F4F6841C984DDA007E79FD /* AnotherVarticalCalendar.swift in Sources */,
				56663D401C84177700D33441 /* LinkCell.swift in Sources */,
				561E60CC1C71733600CFADF6 /* OneCalendarCell.swift in Sources */,
				56E768F71C9AD24E0006F3EC /* TwoActionTable.swift in Sources */,
				56C2A4361CA3758900F3AC11 /* FirstVCL.swift in Sources */,
				56663D2C1C7FF34600D33441 /* WorkDetailSample.swift in Sources */,
				56BA6CAD1C72FA17005F5AF7 /* KeyboardSample.swift in Sources */,
				563EEC8F1C8FE55600B21F07 /* AutoLayoutCell.swift in Sources */,
				561E60C31C6DE35000CFADF6 /* LandScapeCalendar.swift in Sources */,
				563EEC8B1C8FE47C00B21F07 /* AutoLayoutByPG.swift in Sources */,
				561D22491C8D5D23008CCF50 /* LabelList.swift in Sources */,
				569527EB1C6973FA00466FC4 /* CustomNavbar.swift in Sources */,
				5695279C1C687E0D00466FC4 /* ViewController.swift in Sources */,
				56663D3C1C80788100D33441 /* WorkViewCell.swift in Sources */,
				568ED1051C755C0D003AF9B2 /* FirstCustomCell.swift in Sources */,
				563EEC721C8E6E2B00B21F07 /* TextViewInCell.swift in Sources */,
				568ED0F71C745E2D003AF9B2 /* TableViewInTableCell.swift in Sources */,
				56E74D931C69E30100A578CD /* CustomSwitchVCL.swift in Sources */,
				56E74DE71C6B336600A578CD /* MonthView.swift in Sources */,
				56AE18F61CA221B000FCFB8C /* SegmentedTabVCL.swift in Sources */,
				568ED0EE1C7456C5003AF9B2 /* TwoLineNavHeader.swift in Sources */,
				568ED0FA1C747357003AF9B2 /* PaddingLabel.swift in Sources */,
				561D224D1C8D7A71008CCF50 /* TextViewInTableViewVCL.swift in Sources */,
				56E768FB1C9AD4380006F3EC /* TwoActionCell.swift in Sources */,
				568ED0FD1C747B96003AF9B2 /* TableViewInCell.swift in Sources */,
				56C2A43A1CA3759B00F3AC11 /* SecondVCL.swift in Sources */,
				568ED1651C75DED2003AF9B2 /* HtmlTest.swift in Sources */,
				56C2A43E1CA3766900F3AC11 /* ThirdVCL.swift in Sources */,
				56E74DE21C6B2FE100A578CD /* SimpleCalendar.swift in Sources */,
				568ED1011C755057003AF9B2 /* CellAcordionVCL.swift in Sources */,
				567FF7381C768E7E00ADDBFF /* RTLabel.m in Sources */,
				56663D341C80743B00D33441 /* WorkDetailItemCell.swift in Sources */,
				56E74D971C69E62700A578CD /* SwitchWithCell.swift in Sources */,
				56663D301C803DC400D33441 /* MutableHeightCell.swift in Sources */,
				568ED1111C755CCC003AF9B2 /* ForthCustomCell.swift in Sources */,
				568ED1091C755C93003AF9B2 /* SecondCustomCell.swift in Sources */,
				567A0D361C7EEA5B0057E01F /* Regexp.swift in Sources */,
				56663D381C80768C00D33441 /* SummaryCell.swift in Sources */,
				568ED1151C759851003AF9B2 /* ModalVCL.swift in Sources */,
				56B548BB1C97F9BB00191CE1 /* AnotherMonthView.swift in Sources */,
				568ED10D1C755CB9003AF9B2 /* ThirdCustomCell.swift in Sources */,
				56E74DE51C6B326E00A578CD /* DayView.swift in Sources */,
				56B548C21C97FB2C00191CE1 /* AutoCalendarCell.swift in Sources */,
				5695279A1C687E0C00466FC4 /* AppDelegate.swift in Sources */,
				568ED0F41C745C17003AF9B2 /* MultiLineTitleView.swift in Sources */,
			);
			runOnlyForDeploymentPostprocessing = 0;
		};
		569527A61C687E0D00466FC4 /* Sources */ = {
			isa = PBXSourcesBuildPhase;
			buildActionMask = 2147483647;
			files = (
				569527AF1C687E0D00466FC4 /* UISampleTests.swift in Sources */,
			);
			runOnlyForDeploymentPostprocessing = 0;
		};
		569527B11C687E0D00466FC4 /* Sources */ = {
			isa = PBXSourcesBuildPhase;
			buildActionMask = 2147483647;
			files = (
				569527BA1C687E0D00466FC4 /* UISampleUITests.swift in Sources */,
			);
			runOnlyForDeploymentPostprocessing = 0;
		};
/* End PBXSourcesBuildPhase section */

/* Begin PBXTargetDependency section */
		569527AC1C687E0D00466FC4 /* PBXTargetDependency */ = {
			isa = PBXTargetDependency;
			target = 569527951C687E0C00466FC4 /* UISample */;
			targetProxy = 569527AB1C687E0D00466FC4 /* PBXContainerItemProxy */;
		};
		569527B71C687E0D00466FC4 /* PBXTargetDependency */ = {
			isa = PBXTargetDependency;
			target = 569527951C687E0C00466FC4 /* UISample */;
			targetProxy = 569527B61C687E0D00466FC4 /* PBXContainerItemProxy */;
		};
/* End PBXTargetDependency section */

/* Begin PBXVariantGroup section */
		5695279D1C687E0D00466FC4 /* Main.storyboard */ = {
			isa = PBXVariantGroup;
			children = (
				5695279E1C687E0D00466FC4 /* Base */,
			);
			name = Main.storyboard;
			sourceTree = "<group>";
		};
		569527A21C687E0D00466FC4 /* LaunchScreen.storyboard */ = {
			isa = PBXVariantGroup;
			children = (
				569527A31C687E0D00466FC4 /* Base */,
			);
			name = LaunchScreen.storyboard;
			sourceTree = "<group>";
		};
/* End PBXVariantGroup section */

/* Begin XCBuildConfiguration section */
		569527BC1C687E0D00466FC4 /* Debug */ = {
			isa = XCBuildConfiguration;
			buildSettings = {
				ALWAYS_SEARCH_USER_PATHS = NO;
				CLANG_CXX_LANGUAGE_STANDARD = "gnu++0x";
				CLANG_CXX_LIBRARY = "libc++";
				CLANG_ENABLE_MODULES = YES;
				CLANG_ENABLE_OBJC_ARC = YES;
				CLANG_WARN_BOOL_CONVERSION = YES;
				CLANG_WARN_CONSTANT_CONVERSION = YES;
				CLANG_WARN_DIRECT_OBJC_ISA_USAGE = YES_ERROR;
				CLANG_WARN_EMPTY_BODY = YES;
				CLANG_WARN_ENUM_CONVERSION = YES;
				CLANG_WARN_INT_CONVERSION = YES;
				CLANG_WARN_OBJC_ROOT_CLASS = YES_ERROR;
				CLANG_WARN_UNREACHABLE_CODE = YES;
				CLANG_WARN__DUPLICATE_METHOD_MATCH = YES;
				"CODE_SIGN_IDENTITY[sdk=iphoneos*]" = "iPhone Developer";
				COPY_PHASE_STRIP = NO;
				DEBUG_INFORMATION_FORMAT = dwarf;
				ENABLE_STRICT_OBJC_MSGSEND = YES;
				ENABLE_TESTABILITY = YES;
				GCC_C_LANGUAGE_STANDARD = gnu99;
				GCC_DYNAMIC_NO_PIC = NO;
				GCC_NO_COMMON_BLOCKS = YES;
				GCC_OPTIMIZATION_LEVEL = 0;
				GCC_PREPROCESSOR_DEFINITIONS = (
					"DEBUG=1",
					"$(inherited)",
				);
				GCC_WARN_64_TO_32_BIT_CONVERSION = YES;
				GCC_WARN_ABOUT_RETURN_TYPE = YES_ERROR;
				GCC_WARN_UNDECLARED_SELECTOR = YES;
				GCC_WARN_UNINITIALIZED_AUTOS = YES_AGGRESSIVE;
				GCC_WARN_UNUSED_FUNCTION = YES;
				GCC_WARN_UNUSED_VARIABLE = YES;
				IPHONEOS_DEPLOYMENT_TARGET = 8.0;
				MTL_ENABLE_DEBUG_INFO = YES;
				ONLY_ACTIVE_ARCH = YES;
				SDKROOT = iphoneos;
				SWIFT_OPTIMIZATION_LEVEL = "-Onone";
			};
			name = Debug;
		};
		569527BD1C687E0D00466FC4 /* Release */ = {
			isa = XCBuildConfiguration;
			buildSettings = {
				ALWAYS_SEARCH_USER_PATHS = NO;
				CLANG_CXX_LANGUAGE_STANDARD = "gnu++0x";
				CLANG_CXX_LIBRARY = "libc++";
				CLANG_ENABLE_MODULES = YES;
				CLANG_ENABLE_OBJC_ARC = YES;
				CLANG_WARN_BOOL_CONVERSION = YES;
				CLANG_WARN_CONSTANT_CONVERSION = YES;
				CLANG_WARN_DIRECT_OBJC_ISA_USAGE = YES_ERROR;
				CLANG_WARN_EMPTY_BODY = YES;
				CLANG_WARN_ENUM_CONVERSION = YES;
				CLANG_WARN_INT_CONVERSION = YES;
				CLANG_WARN_OBJC_ROOT_CLASS = YES_ERROR;
				CLANG_WARN_UNREACHABLE_CODE = YES;
				CLANG_WARN__DUPLICATE_METHOD_MATCH = YES;
				"CODE_SIGN_IDENTITY[sdk=iphoneos*]" = "iPhone Developer";
				COPY_PHASE_STRIP = NO;
				DEBUG_INFORMATION_FORMAT = "dwarf-with-dsym";
				ENABLE_NS_ASSERTIONS = NO;
				ENABLE_STRICT_OBJC_MSGSEND = YES;
				GCC_C_LANGUAGE_STANDARD = gnu99;
				GCC_NO_COMMON_BLOCKS = YES;
				GCC_WARN_64_TO_32_BIT_CONVERSION = YES;
				GCC_WARN_ABOUT_RETURN_TYPE = YES_ERROR;
				GCC_WARN_UNDECLARED_SELECTOR = YES;
				GCC_WARN_UNINITIALIZED_AUTOS = YES_AGGRESSIVE;
				GCC_WARN_UNUSED_FUNCTION = YES;
				GCC_WARN_UNUSED_VARIABLE = YES;
				IPHONEOS_DEPLOYMENT_TARGET = 8.0;
				MTL_ENABLE_DEBUG_INFO = NO;
				SDKROOT = iphoneos;
				VALIDATE_PRODUCT = YES;
			};
			name = Release;
		};
		569527BF1C687E0D00466FC4 /* Debug */ = {
			isa = XCBuildConfiguration;
			buildSettings = {
				ASSETCATALOG_COMPILER_APPICON_NAME = AppIcon;
				CLANG_ENABLE_MODULES = YES;
				FRAMEWORK_SEARCH_PATHS = (
					"$(inherited)",
					"$(SDKROOT)$(SYSTEM_LIBRARY_DIR)/PrivateFrameworks",
				);
				INFOPLIST_FILE = UISample/Info.plist;
				IPHONEOS_DEPLOYMENT_TARGET = 8.0;
				LD_RUNPATH_SEARCH_PATHS = "$(inherited) @executable_path/Frameworks";
				PRODUCT_BUNDLE_IDENTIFIER = "indival-inc..UISample";
				PRODUCT_NAME = "$(TARGET_NAME)";
				SWIFT_OBJC_BRIDGING_HEADER = "UISample/UISample-Bridging-Header.h";
				SWIFT_OPTIMIZATION_LEVEL = "-Onone";
			};
			name = Debug;
		};
		569527C01C687E0D00466FC4 /* Release */ = {
			isa = XCBuildConfiguration;
			buildSettings = {
				ASSETCATALOG_COMPILER_APPICON_NAME = AppIcon;
				CLANG_ENABLE_MODULES = YES;
				FRAMEWORK_SEARCH_PATHS = (
					"$(inherited)",
					"$(SDKROOT)$(SYSTEM_LIBRARY_DIR)/PrivateFrameworks",
				);
				INFOPLIST_FILE = UISample/Info.plist;
				IPHONEOS_DEPLOYMENT_TARGET = 8.0;
				LD_RUNPATH_SEARCH_PATHS = "$(inherited) @executable_path/Frameworks";
				PRODUCT_BUNDLE_IDENTIFIER = "indival-inc..UISample";
				PRODUCT_NAME = "$(TARGET_NAME)";
				SWIFT_OBJC_BRIDGING_HEADER = "UISample/UISample-Bridging-Header.h";
			};
			name = Release;
		};
		569527C21C687E0D00466FC4 /* Debug */ = {
			isa = XCBuildConfiguration;
			buildSettings = {
				BUNDLE_LOADER = "$(TEST_HOST)";
				INFOPLIST_FILE = UISampleTests/Info.plist;
				LD_RUNPATH_SEARCH_PATHS = "$(inherited) @executable_path/Frameworks @loader_path/Frameworks";
				PRODUCT_BUNDLE_IDENTIFIER = "indival-inc..UISampleTests";
				PRODUCT_NAME = "$(TARGET_NAME)";
				TEST_HOST = "$(BUILT_PRODUCTS_DIR)/UISample.app/UISample";
			};
			name = Debug;
		};
		569527C31C687E0D00466FC4 /* Release */ = {
			isa = XCBuildConfiguration;
			buildSettings = {
				BUNDLE_LOADER = "$(TEST_HOST)";
				INFOPLIST_FILE = UISampleTests/Info.plist;
				LD_RUNPATH_SEARCH_PATHS = "$(inherited) @executable_path/Frameworks @loader_path/Frameworks";
				PRODUCT_BUNDLE_IDENTIFIER = "indival-inc..UISampleTests";
				PRODUCT_NAME = "$(TARGET_NAME)";
				TEST_HOST = "$(BUILT_PRODUCTS_DIR)/UISample.app/UISample";
			};
			name = Release;
		};
		569527C51C687E0D00466FC4 /* Debug */ = {
			isa = XCBuildConfiguration;
			buildSettings = {
				INFOPLIST_FILE = UISampleUITests/Info.plist;
				LD_RUNPATH_SEARCH_PATHS = "$(inherited) @executable_path/Frameworks @loader_path/Frameworks";
				PRODUCT_BUNDLE_IDENTIFIER = "indival-inc..UISampleUITests";
				PRODUCT_NAME = "$(TARGET_NAME)";
				TEST_TARGET_NAME = UISample;
				USES_XCTRUNNER = YES;
			};
			name = Debug;
		};
		569527C61C687E0D00466FC4 /* Release */ = {
			isa = XCBuildConfiguration;
			buildSettings = {
				INFOPLIST_FILE = UISampleUITests/Info.plist;
				LD_RUNPATH_SEARCH_PATHS = "$(inherited) @executable_path/Frameworks @loader_path/Frameworks";
				PRODUCT_BUNDLE_IDENTIFIER = "indival-inc..UISampleUITests";
				PRODUCT_NAME = "$(TARGET_NAME)";
				TEST_TARGET_NAME = UISample;
				USES_XCTRUNNER = YES;
			};
			name = Release;
		};
/* End XCBuildConfiguration section */

/* Begin XCConfigurationList section */
		569527911C687E0C00466FC4 /* Build configuration list for PBXProject "UISample" */ = {
			isa = XCConfigurationList;
			buildConfigurations = (
				569527BC1C687E0D00466FC4 /* Debug */,
				569527BD1C687E0D00466FC4 /* Release */,
			);
			defaultConfigurationIsVisible = 0;
			defaultConfigurationName = Release;
		};
		569527BE1C687E0D00466FC4 /* Build configuration list for PBXNativeTarget "UISample" */ = {
			isa = XCConfigurationList;
			buildConfigurations = (
				569527BF1C687E0D00466FC4 /* Debug */,
				569527C01C687E0D00466FC4 /* Release */,
			);
			defaultConfigurationIsVisible = 0;
			defaultConfigurationName = Release;
		};
		569527C11C687E0D00466FC4 /* Build configuration list for PBXNativeTarget "UISampleTests" */ = {
			isa = XCConfigurationList;
			buildConfigurations = (
				569527C21C687E0D00466FC4 /* Debug */,
				569527C31C687E0D00466FC4 /* Release */,
			);
			defaultConfigurationIsVisible = 0;
			defaultConfigurationName = Release;
		};
		569527C41C687E0D00466FC4 /* Build configuration list for PBXNativeTarget "UISampleUITests" */ = {
			isa = XCConfigurationList;
			buildConfigurations = (
				569527C51C687E0D00466FC4 /* Debug */,
				569527C61C687E0D00466FC4 /* Release */,
			);
			defaultConfigurationIsVisible = 0;
			defaultConfigurationName = Release;
		};
/* End XCConfigurationList section */
	};
	rootObject = 5695278E1C687E0C00466FC4 /* Project object */;
}
